<?xml version="1.0" encoding="utf-8"?>
<Project ToolsVersion="4.0" xmlns="http://schemas.microsoft.com/developer/msbuild/2003">
  <ItemGroup>
    <ClInclude Include="p120853.h" />
    <ClInclude Include="p120853_v2.h" />
    <ClInclude Include="p120853_v3.h" />
    <ClInclude Include="test.h" />
  </ItemGroup>
  <ItemGroup>
    <None Include="packages.config" />
  </ItemGroup>
</Project>