<?xml version="1.0" encoding="utf-8"?>
<Project ToolsVersion="4.0" xmlns="http://schemas.microsoft.com/developer/msbuild/2003">
  <ItemGroup>
    <ClCompile Include="main.cpp" />
  </ItemGroup>
  <ItemGroup>
    <ClInclude Include="numeric_limit.h">
      <Filter>study</Filter>
    </ClInclude>
    <ClInclude Include="accumulate.h">
      <Filter>study</Filter>
    </ClInclude>
    <ClInclude Include="set.h">
      <Filter>study</Filter>
    </ClInclude>
    <ClInclude Include="range_view.h">
      <Filter>study</Filter>
    </ClInclude>
    <ClInclude Include="style1.h">
      <Filter>style</Filter>
    </ClInclude>
  </ItemGroup>
  <ItemGroup>
    <Filter Include="study">
      <UniqueIdentifier>{734341e0-79f5-4b86-9d51-25d6db1b9cc9}</UniqueIdentifier>
    </Filter>
    <Filter Include="style">
      <UniqueIdentifier>{1a99d7d6-0491-487a-912a-eb055e1ff4c7}</UniqueIdentifier>
    </Filter>
  </ItemGroup>
</Project>